
Microsoft Visual Studio Solution File, Format Version 12.00
# Visual Studio Version 17
VisualStudioVersion = 17.13.35931.197 d17.13
MinimumVisualStudioVersion = 10.0.40219.1
Project("{FAE04EC0-301F-11D3-BF4B-00C04F79EFBC}") = "OAManage", "OAManage.csproj", "{3741A049-7CD3-4C40-8E33-3C05F511E5AF}"
EndProject
Global
	GlobalSection(SolutionConfigurationPlatforms) = preSolution
		Debug|Any CPU = Debug|Any CPU
		Release|Any CPU = Release|Any CPU
	EndGlobalSection
	GlobalSection(ProjectConfigurationPlatforms) = postSolution
		{3741A049-7CD3-4C40-8E33-3C05F511E5AF}.Debug|Any CPU.ActiveCfg = Debug|Any CPU
		{3741A049-7CD3-4C40-8E33-3C05F511E5AF}.Debug|Any CPU.Build.0 = Debug|Any CPU
		{3741A049-7CD3-4C40-8E33-3C05F511E5AF}.Release|Any CPU.ActiveCfg = Release|Any CPU
		{3741A049-7CD3-4C40-8E33-3C05F511E5AF}.Release|Any CPU.Build.0 = Release|Any CPU
	EndGlobalSection
	GlobalSection(SolutionProperties) = preSolution
		HideSolutionNode = FALSE
	EndGlobalSection
	GlobalSection(ExtensibilityGlobals) = postSolution
		SolutionGuid = {6191BBE5-567A-4B94-A541-9C8A4BC02185}
	EndGlobalSection
EndGlobal
